
Microsoft Visual Studio Solution File, Format Version 12.00
# Visual Studio 15
VisualStudioVersion = 15.0.28307.1433
MinimumVisualStudioVersion = 10.0.40219.1
Project("{8BC9CEB8-8B4A-11D0-8D11-00A0C91BC942}") = "p4arm", "p4arm\p4arm.vcxproj", "{A8AE342E-971A-4DE9-941B-467405F7A475}"
EndProject
Global
	GlobalSection(SolutionConfigurationPlatforms) = preSolution
		Debug|x64 = Debug|x64
		Debug|x86 = Debug|x86
		Release|x64 = Release|x64
		Release|x86 = Release|x86
	EndGlobalSection
	GlobalSection(ProjectConfigurationPlatforms) = postSolution
		{A8AE342E-971A-4DE9-941B-467405F7A475}.Debug|x64.ActiveCfg = Debug|x64
		{A8AE342E-971A-4DE9-941B-467405F7A475}.Debug|x64.Build.0 = Debug|x64
		{A8AE342E-971A-4DE9-941B-467405F7A475}.Debug|x86.ActiveCfg = Debug|Win32
		{A8AE342E-971A-4DE9-941B-467405F7A475}.Debug|x86.Build.0 = Debug|Win32
		{A8AE342E-971A-4DE9-941B-467405F7A475}.Release|x64.ActiveCfg = Release|x64
		{A8AE342E-971A-4DE9-941B-467405F7A475}.Release|x64.Build.0 = Release|x64
		{A8AE342E-971A-4DE9-941B-467405F7A475}.Release|x86.ActiveCfg = Release|Win32
		{A8AE342E-971A-4DE9-941B-467405F7A475}.Release|x86.Build.0 = Release|Win32
	EndGlobalSection
	GlobalSection(SolutionProperties) = preSolution
		HideSolutionNode = FALSE
	EndGlobalSection
	GlobalSection(ExtensibilityGlobals) = postSolution
		SolutionGuid = {93E2CE3E-1808-4A1D-8179-E0EEA4A984B7}
	EndGlobalSection
EndGlobal
